// !$*UTF8*$!
{
	archiveVersion = 1;
	classes = {
	};
	objectVersion = 46;
	objects = {

/* Begin PBXBuildFile section */
		37BD904E1D7C130E002E598A /* AppDelegate.swift in Sources */ = {isa = PBXBuildFile; fileRef = 37BD904D1D7C130E002E598A /* AppDelegate.swift */; };
		37BD90501D7C130E002E598A /* ViewController.swift in Sources */ = {isa = PBXBuildFile; fileRef = 37BD904F1D7C130E002E598A /* ViewController.swift */; };
		37BD90531D7C130E002E598A /* Main.storyboard in Resources */ = {isa = PBXBuildFile; fileRef = 37BD90511D7C130E002E598A /* Main.storyboard */; };
		37BD90551D7C130E002E598A /* Assets.xcassets in Resources */ = {isa = PBXBuildFile; fileRef = 37BD90541D7C130E002E598A /* Assets.xcassets */; };
		37BD90581D7C130E002E598A /* LaunchScreen.storyboard in Resources */ = {isa = PBXBuildFile; fileRef = 37BD90561D7C130E002E598A /* LaunchScreen.storyboard */; };
/* End PBXBuildFile section */

/* Begin PBXFileReference section */
		37BD904A1D7C130E002E598A /* GraphBuilder.app */ = {isa = PBXFileReference; explicitFileType = wrapper.application; includeInIndex = 0; path = GraphBuilder.app; sourceTree = BUILT_PRODUCTS_DIR; };
		37BD904D1D7C130E002E598A /* AppDelegate.swift */ = {isa = PBXFileReference; lastKnownFileType = sourcecode.swift; path = AppDelegate.swift; sourceTree = "<group>"; };
		37BD904F1D7C130E002E598A /* ViewController.swift */ = {isa = PBXFileReference; lastKnownFileType = sourcecode.swift; path = ViewController.swift; sourceTree = "<group>"; };
		37BD90521D7C130E002E598A /* Base */ = {isa = PBXFileReference; lastKnownFileType = file.storyboard; name = Base; path = Base.lproj/Main.storyboard; sourceTree = "<group>"; };
		37BD90541D7C130E002E598A /* Assets.xcassets */ = {isa = PBXFileReference; lastKnownFileType = folder.assetcatalog; path = Assets.xcassets; sourceTree = "<group>"; };
		37BD90571D7C130E002E598A /* Base */ = {isa = PBXFileReference; lastKnownFileType = file.storyboard; name = Base; path = Base.lproj/LaunchScreen.storyboard; sourceTree = "<group>"; };
		37BD90591D7C130E002E598A /* Info.plist */ = {isa = PBXFileReference; lastKnownFileType = text.plist.xml; path = Info.plist; sourceTree = "<group>"; };
/* End PBXFileReference section */

/* Begin PBXFrameworksBuildPhase section */
		37BD90471D7C130E002E598A /* Frameworks */ = {
			isa = PBXFrameworksBuildPhase;
			buildActionMask = 2147483647;
			files = (
			);
			runOnlyForDeploymentPostprocessing = 0;
		};
/* End PBXFrameworksBuildPhase section */

/* Begin PBXGroup section */
		37BD90411D7C130E002E598A = {
			isa = PBXGroup;
			children = (
				37BD904C1D7C130E002E598A /* GraphBuilder */,
				37BD904B1D7C130E002E598A /* Products */,
			);
			sourceTree = "<group>";
		};
		37BD904B1D7C130E002E598A /* Products */ = {
			isa = PBXGroup;
			children = (
				37BD904A1D7C130E002E598A /* GraphBuilder.app */,
			);
			name = Products;
			sourceTree = "<group>";
		};
		37BD904C1D7C130E002E598A /* GraphBuilder */ = {
			isa = PBXGroup;
			children = (
				37BD904D1D7C130E002E598A /* AppDelegate.swift */,
				37BD904F1D7C130E002E598A /* ViewController.swift */,
				37BD90511D7C130E002E598A /* Main.storyboard */,
				37BD90541D7C130E002E598A /* Assets.xcassets */,
				37BD90561D7C130E002E598A /* LaunchScreen.storyboard */,
				37BD90591D7C130E002E598A /* Info.plist */,
			);
			path = GraphBuilder;
			sourceTree = "<group>";
		};
/* End PBXGroup section */

/* Begin PBXNativeTarget section */
		37BD90491D7C130E002E598A /* GraphBuilder */ = {
			isa = PBXNativeTarget;
			buildConfigurationList = 37BD905C1D7C130E002E598A /* Build configuration list for PBXNativeTarget "GraphBuilder" */;
			buildPhases = (
				37BD90461D7C130E002E598A /* Sources */,
				37BD90471D7C130E002E598A /* Frameworks */,
				37BD90481D7C130E002E598A /* Resources */,
			);
			buildRules = (
			);
			dependencies = (
			);
			name = GraphBuilder;
			productName = GraphBuilder;
			productReference = 37BD904A1D7C130E002E598A /* GraphBuilder.app */;
			productType = "com.apple.product-type.application";
		};
/* End PBXNativeTarget section */

/* Begin PBXProject section */
		37BD90421D7C130E002E598A /* Project object */ = {
			isa = PBXProject;
			attributes = {
				LastSwiftUpdateCheck = 0730;
				LastUpgradeCheck = 0730;
				ORGANIZATIONNAME = "Анастасия Васюра";
				TargetAttributes = {
					37BD90491D7C130E002E598A = {
						CreatedOnToolsVersion = 7.3.1;
					};
				};
			};
			buildConfigurationList = 37BD90451D7C130E002E598A /* Build configuration list for PBXProject "GraphBuilder" */;
			compatibilityVersion = "Xcode 3.2";
			developmentRegion = English;
			hasScannedForEncodings = 0;
			knownRegions = (
				en,
				Base,
			);
			mainGroup = 37BD90411D7C130E002E598A;
			productRefGroup = 37BD904B1D7C130E002E598A /* Products */;
			projectDirPath = "";
			projectRoot = "";
			targets = (
				37BD90491D7C130E002E598A /* GraphBuilder */,
			);
		};
/* End PBXProject section */

/* Begin PBXResourcesBuildPhase section */
		37BD90481D7C130E002E598A /* Resources */ = {
			isa = PBXResourcesBuildPhase;
			buildActionMask = 2147483647;
			files = (
				37BD90581D7C130E002E598A /* LaunchScreen.storyboard in Resources */,
				37BD90551D7C130E002E598A /* Assets.xcassets in Resources */,
				37BD90531D7C130E002E598A /* Main.storyboard in Resources */,
			);
			runOnlyForDeploymentPostprocessing = 0;
		};
/* End PBXResourcesBuildPhase section */

/* Begin PBXSourcesBuildPhase section */
		37BD90461D7C130E002E598A /* Sources */ = {
			isa = PBXSourcesBuildPhase;
			buildActionMask = 2147483647;
			files = (
				37BD90501D7C130E002E598A /* ViewController.swift in Sources */,
				37BD904E1D7C130E002E598A /* AppDelegate.swift in Sources */,
			);
			runOnlyForDeploymentPostprocessing = 0;
		};
/* End PBXSourcesBuildPhase section */

/* Begin PBXVariantGroup section */
		37BD90511D7C130E002E598A /* Main.storyboard */ = {
			isa = PBXVariantGroup;
			children = (
				37BD90521D7C130E002E598A /* Base */,
			);
			name = Main.storyboard;
			sourceTree = "<group>";
		};
		37BD90561D7C130E002E598A /* LaunchScreen.storyboard */ = {
			isa = PBXVariantGroup;
			children = (
				37BD90571D7C130E002E598A /* Base */,
			);
			name = LaunchScreen.storyboard;
			sourceTree = "<group>";
		};
/* End PBXVariantGroup section */

/* Begin XCBuildConfiguration section */
		37BD905A1D7C130E002E598A /* Debug */ = {
			isa = XCBuildConfiguration;
			buildSettings = {
				ALWAYS_SEARCH_USER_PATHS = NO;
				CLANG_ANALYZER_NONNULL = YES;
				CLANG_CXX_LANGUAGE_STANDARD = "gnu++0x";
				CLANG_CXX_LIBRARY = "libc++";
				CLANG_ENABLE_MODULES = YES;
				CLANG_ENABLE_OBJC_ARC = YES;
				CLANG_WARN_BOOL_CONVERSION = YES;
				CLANG_WARN_CONSTANT_CONVERSION = YES;
				CLANG_WARN_DIRECT_OBJC_ISA_USAGE = YES_ERROR;
				CLANG_WARN_EMPTY_BODY = YES;
				CLANG_WARN_ENUM_CONVERSION = YES;
				CLANG_WARN_INT_CONVERSION = YES;
				CLANG_WARN_OBJC_ROOT_CLASS = YES_ERROR;
				CLANG_WARN_UNREACHABLE_CODE = YES;
				CLANG_WARN__DUPLICATE_METHOD_MATCH = YES;
				"CODE_SIGN_IDENTITY[sdk=iphoneos*]" = "iPhone Developer";
				COPY_PHASE_STRIP = NO;
				DEBUG_INFORMATION_FORMAT = dwarf;
				ENABLE_STRICT_OBJC_MSGSEND = YES;
				ENABLE_TESTABILITY = YES;
				GCC_C_LANGUAGE_STANDARD = gnu99;
				GCC_DYNAMIC_NO_PIC = NO;
				GCC_NO_COMMON_BLOCKS = YES;
				GCC_OPTIMIZATION_LEVEL = 0;
				GCC_PREPROCESSOR_DEFINITIONS = (
					"DEBUG=1",
					"$(inherited)",
				);
				GCC_WARN_64_TO_32_BIT_CONVERSION = YES;
				GCC_WARN_ABOUT_RETURN_TYPE = YES_ERROR;
				GCC_WARN_UNDECLARED_SELECTOR = YES;
				GCC_WARN_UNINITIALIZED_AUTOS = YES_AGGRESSIVE;
				GCC_WARN_UNUSED_FUNCTION = YES;
				GCC_WARN_UNUSED_VARIABLE = YES;
				IPHONEOS_DEPLOYMENT_TARGET = 9.3;
				MTL_ENABLE_DEBUG_INFO = YES;
				ONLY_ACTIVE_ARCH = YES;
				SDKROOT = iphoneos;
				SWIFT_OPTIMIZATION_LEVEL = "-Onone";
				TARGETED_DEVICE_FAMILY = 2;
			};
			name = Debug;
		};
		37BD905B1D7C130E002E598A /* Release */ = {
			isa = XCBuildConfiguration;
			buildSettings = {
				ALWAYS_SEARCH_USER_PATHS = NO;
				CLANG_ANALYZER_NONNULL = YES;
				CLANG_CXX_LANGUAGE_STANDARD = "gnu++0x";
				CLANG_CXX_LIBRARY = "libc++";
				CLANG_ENABLE_MODULES = YES;
				CLANG_ENABLE_OBJC_ARC = YES;
				CLANG_WARN_BOOL_CONVERSION = YES;
				CLANG_WARN_CONSTANT_CONVERSION = YES;
				CLANG_WARN_DIRECT_OBJC_ISA_USAGE = YES_ERROR;
				CLANG_WARN_EMPTY_BODY = YES;
				CLANG_WARN_ENUM_CONVERSION = YES;
				CLANG_WARN_INT_CONVERSION = YES;
				CLANG_WARN_OBJC_ROOT_CLASS = YES_ERROR;
				CLANG_WARN_UNREACHABLE_CODE = YES;
				CLANG_WARN__DUPLICATE_METHOD_MATCH = YES;
				"CODE_SIGN_IDENTITY[sdk=iphoneos*]" = "iPhone Developer";
				COPY_PHASE_STRIP = NO;
				DEBUG_INFORMATION_FORMAT = "dwarf-with-dsym";
				ENABLE_NS_ASSERTIONS = NO;
				ENABLE_STRICT_OBJC_MSGSEND = YES;
				GCC_C_LANGUAGE_STANDARD = gnu99;
				GCC_NO_COMMON_BLOCKS = YES;
				GCC_WARN_64_TO_32_BIT_CONVERSION = YES;
				GCC_WARN_ABOUT_RETURN_TYPE = YES_ERROR;
				GCC_WARN_UNDECLARED_SELECTOR = YES;
				GCC_WARN_UNINITIALIZED_AUTOS = YES_AGGRESSIVE;
				GCC_WARN_UNUSED_FUNCTION = YES;
				GCC_WARN_UNUSED_VARIABLE = YES;
				IPHONEOS_DEPLOYMENT_TARGET = 9.3;
				MTL_ENABLE_DEBUG_INFO = NO;
				SDKROOT = iphoneos;
				TARGETED_DEVICE_FAMILY = 2;
				VALIDATE_PRODUCT = YES;
			};
			name = Release;
		};
		37BD905D1D7C130E002E598A /* Debug */ = {
			isa = XCBuildConfiguration;
			buildSettings = {
				ASSETCATALOG_COMPILER_APPICON_NAME = AppIcon;
				INFOPLIST_FILE = GraphBuilder/Info.plist;
				LD_RUNPATH_SEARCH_PATHS = "$(inherited) @executable_path/Frameworks";
				PRODUCT_BUNDLE_IDENTIFIER = a.vasyura.ru.GraphBuilder;
				PRODUCT_NAME = "$(TARGET_NAME)";
			};
			name = Debug;
		};
		37BD905E1D7C130E002E598A /* Release */ = {
			isa = XCBuildConfiguration;
			buildSettings = {
				ASSETCATALOG_COMPILER_APPICON_NAME = AppIcon;
				INFOPLIST_FILE = GraphBuilder/Info.plist;
				LD_RUNPATH_SEARCH_PATHS = "$(inherited) @executable_path/Frameworks";
				PRODUCT_BUNDLE_IDENTIFIER = a.vasyura.ru.GraphBuilder;
				PRODUCT_NAME = "$(TARGET_NAME)";
			};
			name = Release;
		};
/* End XCBuildConfiguration section */

/* Begin XCConfigurationList section */
		37BD90451D7C130E002E598A /* Build configuration list for PBXProject "GraphBuilder" */ = {
			isa = XCConfigurationList;
			buildConfigurations = (
				37BD905A1D7C130E002E598A /* Debug */,
				37BD905B1D7C130E002E598A /* Release */,
			);
			defaultConfigurationIsVisible = 0;
			defaultConfigurationName = Release;
		};
		37BD905C1D7C130E002E598A /* Build configuration list for PBXNativeTarget "GraphBuilder" */ = {
			isa = XCConfigurationList;
			buildConfigurations = (
				37BD905D1D7C130E002E598A /* Debug */,
				37BD905E1D7C130E002E598A /* Release */,
			);
			defaultConfigurationIsVisible = 0;
		};
/* End XCConfigurationList section */
	};
	rootObject = 37BD90421D7C130E002E598A /* Project object */;
}
